
Microsoft Visual Studio Solution File, Format Version 12.00
# Visual Studio Version 16
VisualStudioVersion = 16.0.32930.78
MinimumVisualStudioVersion = 10.0.40219.1
Project("{F184B08F-C81C-45F6-A57F-5ABD9991F28F}") = "Sistema_Info_Creativo", "Sistema_Info_Creativo\Sistema_Info_Creativo.vbproj", "{B9B59B7D-A193-43BE-93F7-8D25598910EC}"
EndProject
Global
	GlobalSection(SolutionConfigurationPlatforms) = preSolution
		Debug|Any CPU = Debug|Any CPU
		Release|Any CPU = Release|Any CPU
	EndGlobalSection
	GlobalSection(ProjectConfigurationPlatforms) = postSolution
		{B9B59B7D-A193-43BE-93F7-8D25598910EC}.Debug|Any CPU.ActiveCfg = Debug|Any CPU
		{B9B59B7D-A193-43BE-93F7-8D25598910EC}.Debug|Any CPU.Build.0 = Debug|Any CPU
		{B9B59B7D-A193-43BE-93F7-8D25598910EC}.Release|Any CPU.ActiveCfg = Release|Any CPU
		{B9B59B7D-A193-43BE-93F7-8D25598910EC}.Release|Any CPU.Build.0 = Release|Any CPU
	EndGlobalSection
	GlobalSection(SolutionProperties) = preSolution
		HideSolutionNode = FALSE
	EndGlobalSection
	GlobalSection(ExtensibilityGlobals) = postSolution
		SolutionGuid = {C79D3167-D222-4725-8867-7C3CBF7C2AB8}
	EndGlobalSection
EndGlobal
